
Microsoft Visual Studio Solution File, Format Version 12.00
# Visual Studio Version 17
VisualStudioVersion = 17.7.34018.315
MinimumVisualStudioVersion = 10.0.40219.1
Project("{FAE04EC0-301F-11D3-BF4B-00C04F79EFBC}") = "FindGT", "FindGT\FindGT.csproj", "{52EF7955-529E-4041-84D0-15E366ACA5FC}"
EndProject
Global
	GlobalSection(SolutionConfigurationPlatforms) = preSolution
		Debug|x64 = Debug|x64
		Release|x64 = Release|x64
	EndGlobalSection
	GlobalSection(ProjectConfigurationPlatforms) = postSolution
		{52EF7955-529E-4041-84D0-15E366ACA5FC}.Debug|x64.ActiveCfg = Debug|x64
		{52EF7955-529E-4041-84D0-15E366ACA5FC}.Debug|x64.Build.0 = Debug|x64
		{52EF7955-529E-4041-84D0-15E366ACA5FC}.Release|x64.ActiveCfg = Release|Any CPU
		{52EF7955-529E-4041-84D0-15E366ACA5FC}.Release|x64.Build.0 = Release|Any CPU
	EndGlobalSection
	GlobalSection(SolutionProperties) = preSolution
		HideSolutionNode = FALSE
	EndGlobalSection
	GlobalSection(ExtensibilityGlobals) = postSolution
		SolutionGuid = {19CD90DA-BCD6-40AA-B080-0C8B82595CB8}
	EndGlobalSection
EndGlobal
